// !$*UTF8*$!
{
	archiveVersion = 1;
	classes = {
	};
	objectVersion = 48;
	objects = {

/* Begin PBXBuildFile section */
		A1EE162B204D84D0006832FC /* AppDelegate.swift in Sources */ = {isa = PBXBuildFile; fileRef = A1EE162A204D84D0006832FC /* AppDelegate.swift */; };
		A1EE162D204D84D0006832FC /* ViewController.swift in Sources */ = {isa = PBXBuildFile; fileRef = A1EE162C204D84D0006832FC /* ViewController.swift */; };
		A1EE1630204D84D0006832FC /* Main.storyboard in Resources */ = {isa = PBXBuildFile; fileRef = A1EE162E204D84D0006832FC /* Main.storyboard */; };
		A1EE1632204D84D0006832FC /* Assets.xcassets in Resources */ = {isa = PBXBuildFile; fileRef = A1EE1631204D84D0006832FC /* Assets.xcassets */; };
		A1EE1635204D84D0006832FC /* LaunchScreen.storyboard in Resources */ = {isa = PBXBuildFile; fileRef = A1EE1633204D84D0006832FC /* LaunchScreen.storyboard */; };
		A1EE1640204D84D0006832FC /* InstagramTests.swift in Sources */ = {isa = PBXBuildFile; fileRef = A1EE163F204D84D0006832FC /* InstagramTests.swift */; };
		A1EE164B204D84D0006832FC /* InstagramUITests.swift in Sources */ = {isa = PBXBuildFile; fileRef = A1EE164A204D84D0006832FC /* InstagramUITests.swift */; };
/* End PBXBuildFile section */

/* Begin PBXContainerItemProxy section */
		A1EE163C204D84D0006832FC /* PBXContainerItemProxy */ = {
			isa = PBXContainerItemProxy;
			containerPortal = A1EE161F204D84CF006832FC /* Project object */;
			proxyType = 1;
			remoteGlobalIDString = A1EE1626204D84D0006832FC;
			remoteInfo = Instagram;
		};
		A1EE1647204D84D0006832FC /* PBXContainerItemProxy */ = {
			isa = PBXContainerItemProxy;
			containerPortal = A1EE161F204D84CF006832FC /* Project object */;
			proxyType = 1;
			remoteGlobalIDString = A1EE1626204D84D0006832FC;
			remoteInfo = Instagram;
		};
/* End PBXContainerItemProxy section */

/* Begin PBXFileReference section */
		A1EE1627204D84D0006832FC /* Instagram.app */ = {isa = PBXFileReference; explicitFileType = wrapper.application; includeInIndex = 0; path = Instagram.app; sourceTree = BUILT_PRODUCTS_DIR; };
		A1EE162A204D84D0006832FC /* AppDelegate.swift */ = {isa = PBXFileReference; lastKnownFileType = sourcecode.swift; path = AppDelegate.swift; sourceTree = "<group>"; };
		A1EE162C204D84D0006832FC /* ViewController.swift */ = {isa = PBXFileReference; lastKnownFileType = sourcecode.swift; path = ViewController.swift; sourceTree = "<group>"; };
		A1EE162F204D84D0006832FC /* Base */ = {isa = PBXFileReference; lastKnownFileType = file.storyboard; name = Base; path = Base.lproj/Main.storyboard; sourceTree = "<group>"; };
		A1EE1631204D84D0006832FC /* Assets.xcassets */ = {isa = PBXFileReference; lastKnownFileType = folder.assetcatalog; path = Assets.xcassets; sourceTree = "<group>"; };
		A1EE1634204D84D0006832FC /* Base */ = {isa = PBXFileReference; lastKnownFileType = file.storyboard; name = Base; path = Base.lproj/LaunchScreen.storyboard; sourceTree = "<group>"; };
		A1EE1636204D84D0006832FC /* Info.plist */ = {isa = PBXFileReference; lastKnownFileType = text.plist.xml; path = Info.plist; sourceTree = "<group>"; };
		A1EE163B204D84D0006832FC /* InstagramTests.xctest */ = {isa = PBXFileReference; explicitFileType = wrapper.cfbundle; includeInIndex = 0; path = InstagramTests.xctest; sourceTree = BUILT_PRODUCTS_DIR; };
		A1EE163F204D84D0006832FC /* InstagramTests.swift */ = {isa = PBXFileReference; lastKnownFileType = sourcecode.swift; path = InstagramTests.swift; sourceTree = "<group>"; };
		A1EE1641204D84D0006832FC /* Info.plist */ = {isa = PBXFileReference; lastKnownFileType = text.plist.xml; path = Info.plist; sourceTree = "<group>"; };
		A1EE1646204D84D0006832FC /* InstagramUITests.xctest */ = {isa = PBXFileReference; explicitFileType = wrapper.cfbundle; includeInIndex = 0; path = InstagramUITests.xctest; sourceTree = BUILT_PRODUCTS_DIR; };
		A1EE164A204D84D0006832FC /* InstagramUITests.swift */ = {isa = PBXFileReference; lastKnownFileType = sourcecode.swift; path = InstagramUITests.swift; sourceTree = "<group>"; };
		A1EE164C204D84D0006832FC /* Info.plist */ = {isa = PBXFileReference; lastKnownFileType = text.plist.xml; path = Info.plist; sourceTree = "<group>"; };
/* End PBXFileReference section */

/* Begin PBXFrameworksBuildPhase section */
		A1EE1624204D84D0006832FC /* Frameworks */ = {
			isa = PBXFrameworksBuildPhase;
			buildActionMask = 2147483647;
			files = (
			);
			runOnlyForDeploymentPostprocessing = 0;
		};
		A1EE1638204D84D0006832FC /* Frameworks */ = {
			isa = PBXFrameworksBuildPhase;
			buildActionMask = 2147483647;
			files = (
			);
			runOnlyForDeploymentPostprocessing = 0;
		};
		A1EE1643204D84D0006832FC /* Frameworks */ = {
			isa = PBXFrameworksBuildPhase;
			buildActionMask = 2147483647;
			files = (
			);
			runOnlyForDeploymentPostprocessing = 0;
		};
/* End PBXFrameworksBuildPhase section */

/* Begin PBXGroup section */
		A1EE161E204D84CF006832FC = {
			isa = PBXGroup;
			children = (
				A1EE1629204D84D0006832FC /* Instagram */,
				A1EE163E204D84D0006832FC /* InstagramTests */,
				A1EE1649204D84D0006832FC /* InstagramUITests */,
				A1EE1628204D84D0006832FC /* Products */,
			);
			sourceTree = "<group>";
		};
		A1EE1628204D84D0006832FC /* Products */ = {
			isa = PBXGroup;
			children = (
				A1EE1627204D84D0006832FC /* Instagram.app */,
				A1EE163B204D84D0006832FC /* InstagramTests.xctest */,
				A1EE1646204D84D0006832FC /* InstagramUITests.xctest */,
			);
			name = Products;
			sourceTree = "<group>";
		};
		A1EE1629204D84D0006832FC /* Instagram */ = {
			isa = PBXGroup;
			children = (
				A1EE162A204D84D0006832FC /* AppDelegate.swift */,
				A1EE162C204D84D0006832FC /* ViewController.swift */,
				A1EE162E204D84D0006832FC /* Main.storyboard */,
				A1EE1631204D84D0006832FC /* Assets.xcassets */,
				A1EE1633204D84D0006832FC /* LaunchScreen.storyboard */,
				A1EE1636204D84D0006832FC /* Info.plist */,
			);
			path = Instagram;
			sourceTree = "<group>";
		};
		A1EE163E204D84D0006832FC /* InstagramTests */ = {
			isa = PBXGroup;
			children = (
				A1EE163F204D84D0006832FC /* InstagramTests.swift */,
				A1EE1641204D84D0006832FC /* Info.plist */,
			);
			path = InstagramTests;
			sourceTree = "<group>";
		};
		A1EE1649204D84D0006832FC /* InstagramUITests */ = {
			isa = PBXGroup;
			children = (
				A1EE164A204D84D0006832FC /* InstagramUITests.swift */,
				A1EE164C204D84D0006832FC /* Info.plist */,
			);
			path = InstagramUITests;
			sourceTree = "<group>";
		};
/* End PBXGroup section */

/* Begin PBXNativeTarget section */
		A1EE1626204D84D0006832FC /* Instagram */ = {
			isa = PBXNativeTarget;
			buildConfigurationList = A1EE164F204D84D0006832FC /* Build configuration list for PBXNativeTarget "Instagram" */;
			buildPhases = (
				A1EE1623204D84D0006832FC /* Sources */,
				A1EE1624204D84D0006832FC /* Frameworks */,
				A1EE1625204D84D0006832FC /* Resources */,
			);
			buildRules = (
			);
			dependencies = (
			);
			name = Instagram;
			productName = Instagram;
			productReference = A1EE1627204D84D0006832FC /* Instagram.app */;
			productType = "com.apple.product-type.application";
		};
		A1EE163A204D84D0006832FC /* InstagramTests */ = {
			isa = PBXNativeTarget;
			buildConfigurationList = A1EE1652204D84D0006832FC /* Build configuration list for PBXNativeTarget "InstagramTests" */;
			buildPhases = (
				A1EE1637204D84D0006832FC /* Sources */,
				A1EE1638204D84D0006832FC /* Frameworks */,
				A1EE1639204D84D0006832FC /* Resources */,
			);
			buildRules = (
			);
			dependencies = (
				A1EE163D204D84D0006832FC /* PBXTargetDependency */,
			);
			name = InstagramTests;
			productName = InstagramTests;
			productReference = A1EE163B204D84D0006832FC /* InstagramTests.xctest */;
			productType = "com.apple.product-type.bundle.unit-test";
		};
		A1EE1645204D84D0006832FC /* InstagramUITests */ = {
			isa = PBXNativeTarget;
			buildConfigurationList = A1EE1655204D84D0006832FC /* Build configuration list for PBXNativeTarget "InstagramUITests" */;
			buildPhases = (
				A1EE1642204D84D0006832FC /* Sources */,
				A1EE1643204D84D0006832FC /* Frameworks */,
				A1EE1644204D84D0006832FC /* Resources */,
			);
			buildRules = (
			);
			dependencies = (
				A1EE1648204D84D0006832FC /* PBXTargetDependency */,
			);
			name = InstagramUITests;
			productName = InstagramUITests;
			productReference = A1EE1646204D84D0006832FC /* InstagramUITests.xctest */;
			productType = "com.apple.product-type.bundle.ui-testing";
		};
/* End PBXNativeTarget section */

/* Begin PBXProject section */
		A1EE161F204D84CF006832FC /* Project object */ = {
			isa = PBXProject;
			attributes = {
				LastSwiftUpdateCheck = 0920;
				LastUpgradeCheck = 0920;
				ORGANIZATIONNAME = "Sijin Wang";
				TargetAttributes = {
					A1EE1626204D84D0006832FC = {
						CreatedOnToolsVersion = 9.2;
						ProvisioningStyle = Automatic;
					};
					A1EE163A204D84D0006832FC = {
						CreatedOnToolsVersion = 9.2;
						ProvisioningStyle = Automatic;
						TestTargetID = A1EE1626204D84D0006832FC;
					};
					A1EE1645204D84D0006832FC = {
						CreatedOnToolsVersion = 9.2;
						ProvisioningStyle = Automatic;
						TestTargetID = A1EE1626204D84D0006832FC;
					};
				};
			};
			buildConfigurationList = A1EE1622204D84D0006832FC /* Build configuration list for PBXProject "Instagram" */;
			compatibilityVersion = "Xcode 8.0";
			developmentRegion = en;
			hasScannedForEncodings = 0;
			knownRegions = (
				en,
				Base,
			);
			mainGroup = A1EE161E204D84CF006832FC;
			productRefGroup = A1EE1628204D84D0006832FC /* Products */;
			projectDirPath = "";
			projectRoot = "";
			targets = (
				A1EE1626204D84D0006832FC /* Instagram */,
				A1EE163A204D84D0006832FC /* InstagramTests */,
				A1EE1645204D84D0006832FC /* InstagramUITests */,
			);
		};
/* End PBXProject section */

/* Begin PBXResourcesBuildPhase section */
		A1EE1625204D84D0006832FC /* Resources */ = {
			isa = PBXResourcesBuildPhase;
			buildActionMask = 2147483647;
			files = (
				A1EE1635204D84D0006832FC /* LaunchScreen.storyboard in Resources */,
				A1EE1632204D84D0006832FC /* Assets.xcassets in Resources */,
				A1EE1630204D84D0006832FC /* Main.storyboard in Resources */,
			);
			runOnlyForDeploymentPostprocessing = 0;
		};
		A1EE1639204D84D0006832FC /* Resources */ = {
			isa = PBXResourcesBuildPhase;
			buildActionMask = 2147483647;
			files = (
			);
			runOnlyForDeploymentPostprocessing = 0;
		};
		A1EE1644204D84D0006832FC /* Resources */ = {
			isa = PBXResourcesBuildPhase;
			buildActionMask = 2147483647;
			files = (
			);
			runOnlyForDeploymentPostprocessing = 0;
		};
/* End PBXResourcesBuildPhase section */

/* Begin PBXSourcesBuildPhase section */
		A1EE1623204D84D0006832FC /* Sources */ = {
			isa = PBXSourcesBuildPhase;
			buildActionMask = 2147483647;
			files = (
				A1EE162D204D84D0006832FC /* ViewController.swift in Sources */,
				A1EE162B204D84D0006832FC /* AppDelegate.swift in Sources */,
			);
			runOnlyForDeploymentPostprocessing = 0;
		};
		A1EE1637204D84D0006832FC /* Sources */ = {
			isa = PBXSourcesBuildPhase;
			buildActionMask = 2147483647;
			files = (
				A1EE1640204D84D0006832FC /* InstagramTests.swift in Sources */,
			);
			runOnlyForDeploymentPostprocessing = 0;
		};
		A1EE1642204D84D0006832FC /* Sources */ = {
			isa = PBXSourcesBuildPhase;
			buildActionMask = 2147483647;
			files = (
				A1EE164B204D84D0006832FC /* InstagramUITests.swift in Sources */,
			);
			runOnlyForDeploymentPostprocessing = 0;
		};
/* End PBXSourcesBuildPhase section */

/* Begin PBXTargetDependency section */
		A1EE163D204D84D0006832FC /* PBXTargetDependency */ = {
			isa = PBXTargetDependency;
			target = A1EE1626204D84D0006832FC /* Instagram */;
			targetProxy = A1EE163C204D84D0006832FC /* PBXContainerItemProxy */;
		};
		A1EE1648204D84D0006832FC /* PBXTargetDependency */ = {
			isa = PBXTargetDependency;
			target = A1EE1626204D84D0006832FC /* Instagram */;
			targetProxy = A1EE1647204D84D0006832FC /* PBXContainerItemProxy */;
		};
/* End PBXTargetDependency section */

/* Begin PBXVariantGroup section */
		A1EE162E204D84D0006832FC /* Main.storyboard */ = {
			isa = PBXVariantGroup;
			children = (
				A1EE162F204D84D0006832FC /* Base */,
			);
			name = Main.storyboard;
			sourceTree = "<group>";
		};
		A1EE1633204D84D0006832FC /* LaunchScreen.storyboard */ = {
			isa = PBXVariantGroup;
			children = (
				A1EE1634204D84D0006832FC /* Base */,
			);
			name = LaunchScreen.storyboard;
			sourceTree = "<group>";
		};
/* End PBXVariantGroup section */

/* Begin XCBuildConfiguration section */
		A1EE164D204D84D0006832FC /* Debug */ = {
			isa = XCBuildConfiguration;
			buildSettings = {
				ALWAYS_SEARCH_USER_PATHS = NO;
				CLANG_ANALYZER_NONNULL = YES;
				CLANG_ANALYZER_NUMBER_OBJECT_CONVERSION = YES_AGGRESSIVE;
				CLANG_CXX_LANGUAGE_STANDARD = "gnu++14";
				CLANG_CXX_LIBRARY = "libc++";
				CLANG_ENABLE_MODULES = YES;
				CLANG_ENABLE_OBJC_ARC = YES;
				CLANG_WARN_BLOCK_CAPTURE_AUTORELEASING = YES;
				CLANG_WARN_BOOL_CONVERSION = YES;
				CLANG_WARN_COMMA = YES;
				CLANG_WARN_CONSTANT_CONVERSION = YES;
				CLANG_WARN_DIRECT_OBJC_ISA_USAGE = YES_ERROR;
				CLANG_WARN_DOCUMENTATION_COMMENTS = YES;
				CLANG_WARN_EMPTY_BODY = YES;
				CLANG_WARN_ENUM_CONVERSION = YES;
				CLANG_WARN_INFINITE_RECURSION = YES;
				CLANG_WARN_INT_CONVERSION = YES;
				CLANG_WARN_NON_LITERAL_NULL_CONVERSION = YES;
				CLANG_WARN_OBJC_LITERAL_CONVERSION = YES;
				CLANG_WARN_OBJC_ROOT_CLASS = YES_ERROR;
				CLANG_WARN_RANGE_LOOP_ANALYSIS = YES;
				CLANG_WARN_STRICT_PROTOTYPES = YES;
				CLANG_WARN_SUSPICIOUS_MOVE = YES;
				CLANG_WARN_UNGUARDED_AVAILABILITY = YES_AGGRESSIVE;
				CLANG_WARN_UNREACHABLE_CODE = YES;
				CLANG_WARN__DUPLICATE_METHOD_MATCH = YES;
				CODE_SIGN_IDENTITY = "iPhone Developer";
				COPY_PHASE_STRIP = NO;
				DEBUG_INFORMATION_FORMAT = dwarf;
				ENABLE_STRICT_OBJC_MSGSEND = YES;
				ENABLE_TESTABILITY = YES;
				GCC_C_LANGUAGE_STANDARD = gnu11;
				GCC_DYNAMIC_NO_PIC = NO;
				GCC_NO_COMMON_BLOCKS = YES;
				GCC_OPTIMIZATION_LEVEL = 0;
				GCC_PREPROCESSOR_DEFINITIONS = (
					"DEBUG=1",
					"$(inherited)",
				);
				GCC_WARN_64_TO_32_BIT_CONVERSION = YES;
				GCC_WARN_ABOUT_RETURN_TYPE = YES_ERROR;
				GCC_WARN_UNDECLARED_SELECTOR = YES;
				GCC_WARN_UNINITIALIZED_AUTOS = YES_AGGRESSIVE;
				GCC_WARN_UNUSED_FUNCTION = YES;
				GCC_WARN_UNUSED_VARIABLE = YES;
				IPHONEOS_DEPLOYMENT_TARGET = 11.2;
				MTL_ENABLE_DEBUG_INFO = YES;
				ONLY_ACTIVE_ARCH = YES;
				SDKROOT = iphoneos;
				SWIFT_ACTIVE_COMPILATION_CONDITIONS = DEBUG;
				SWIFT_OPTIMIZATION_LEVEL = "-Onone";
			};
			name = Debug;
		};
		A1EE164E204D84D0006832FC /* Release */ = {
			isa = XCBuildConfiguration;
			buildSettings = {
				ALWAYS_SEARCH_USER_PATHS = NO;
				CLANG_ANALYZER_NONNULL = YES;
				CLANG_ANALYZER_NUMBER_OBJECT_CONVERSION = YES_AGGRESSIVE;
				CLANG_CXX_LANGUAGE_STANDARD = "gnu++14";
				CLANG_CXX_LIBRARY = "libc++";
				CLANG_ENABLE_MODULES = YES;
				CLANG_ENABLE_OBJC_ARC = YES;
				CLANG_WARN_BLOCK_CAPTURE_AUTORELEASING = YES;
				CLANG_WARN_BOOL_CONVERSION = YES;
				CLANG_WARN_COMMA = YES;
				CLANG_WARN_CONSTANT_CONVERSION = YES;
				CLANG_WARN_DIRECT_OBJC_ISA_USAGE = YES_ERROR;
				CLANG_WARN_DOCUMENTATION_COMMENTS = YES;
				CLANG_WARN_EMPTY_BODY = YES;
				CLANG_WARN_ENUM_CONVERSION = YES;
				CLANG_WARN_INFINITE_RECURSION = YES;
				CLANG_WARN_INT_CONVERSION = YES;
				CLANG_WARN_NON_LITERAL_NULL_CONVERSION = YES;
				CLANG_WARN_OBJC_LITERAL_CONVERSION = YES;
				CLANG_WARN_OBJC_ROOT_CLASS = YES_ERROR;
				CLANG_WARN_RANGE_LOOP_ANALYSIS = YES;
				CLANG_WARN_STRICT_PROTOTYPES = YES;
				CLANG_WARN_SUSPICIOUS_MOVE = YES;
				CLANG_WARN_UNGUARDED_AVAILABILITY = YES_AGGRESSIVE;
				CLANG_WARN_UNREACHABLE_CODE = YES;
				CLANG_WARN__DUPLICATE_METHOD_MATCH = YES;
				CODE_SIGN_IDENTITY = "iPhone Developer";
				COPY_PHASE_STRIP = NO;
				DEBUG_INFORMATION_FORMAT = "dwarf-with-dsym";
				ENABLE_NS_ASSERTIONS = NO;
				ENABLE_STRICT_OBJC_MSGSEND = YES;
				GCC_C_LANGUAGE_STANDARD = gnu11;
				GCC_NO_COMMON_BLOCKS = YES;
				GCC_WARN_64_TO_32_BIT_CONVERSION = YES;
				GCC_WARN_ABOUT_RETURN_TYPE = YES_ERROR;
				GCC_WARN_UNDECLARED_SELECTOR = YES;
				GCC_WARN_UNINITIALIZED_AUTOS = YES_AGGRESSIVE;
				GCC_WARN_UNUSED_FUNCTION = YES;
				GCC_WARN_UNUSED_VARIABLE = YES;
				IPHONEOS_DEPLOYMENT_TARGET = 11.2;
				MTL_ENABLE_DEBUG_INFO = NO;
				SDKROOT = iphoneos;
				SWIFT_OPTIMIZATION_LEVEL = "-Owholemodule";
				VALIDATE_PRODUCT = YES;
			};
			name = Release;
		};
		A1EE1650204D84D0006832FC /* Debug */ = {
			isa = XCBuildConfiguration;
			buildSettings = {
				ASSETCATALOG_COMPILER_APPICON_NAME = AppIcon;
				CODE_SIGN_STYLE = Automatic;
				INFOPLIST_FILE = Instagram/Info.plist;
				LD_RUNPATH_SEARCH_PATHS = "$(inherited) @executable_path/Frameworks";
				PRODUCT_BUNDLE_IDENTIFIER = com.Instagram;
				PRODUCT_NAME = "$(TARGET_NAME)";
				SWIFT_VERSION = 4.0;
				TARGETED_DEVICE_FAMILY = "1,2";
			};
			name = Debug;
		};
		A1EE1651204D84D0006832FC /* Release */ = {
			isa = XCBuildConfiguration;
			buildSettings = {
				ASSETCATALOG_COMPILER_APPICON_NAME = AppIcon;
				CODE_SIGN_STYLE = Automatic;
				INFOPLIST_FILE = Instagram/Info.plist;
				LD_RUNPATH_SEARCH_PATHS = "$(inherited) @executable_path/Frameworks";
				PRODUCT_BUNDLE_IDENTIFIER = com.Instagram;
				PRODUCT_NAME = "$(TARGET_NAME)";
				SWIFT_VERSION = 4.0;
				TARGETED_DEVICE_FAMILY = "1,2";
			};
			name = Release;
		};
		A1EE1653204D84D0006832FC /* Debug */ = {
			isa = XCBuildConfiguration;
			buildSettings = {
				ALWAYS_EMBED_SWIFT_STANDARD_LIBRARIES = YES;
				BUNDLE_LOADER = "$(TEST_HOST)";
				CODE_SIGN_STYLE = Automatic;
				INFOPLIST_FILE = InstagramTests/Info.plist;
				LD_RUNPATH_SEARCH_PATHS = "$(inherited) @executable_path/Frameworks @loader_path/Frameworks";
				PRODUCT_BUNDLE_IDENTIFIER = com.InstagramTests;
				PRODUCT_NAME = "$(TARGET_NAME)";
				SWIFT_VERSION = 4.0;
				TARGETED_DEVICE_FAMILY = "1,2";
				TEST_HOST = "$(BUILT_PRODUCTS_DIR)/Instagram.app/Instagram";
			};
			name = Debug;
		};
		A1EE1654204D84D0006832FC /* Release */ = {
			isa = XCBuildConfiguration;
			buildSettings = {
				ALWAYS_EMBED_SWIFT_STANDARD_LIBRARIES = YES;
				BUNDLE_LOADER = "$(TEST_HOST)";
				CODE_SIGN_STYLE = Automatic;
				INFOPLIST_FILE = InstagramTests/Info.plist;
				LD_RUNPATH_SEARCH_PATHS = "$(inherited) @executable_path/Frameworks @loader_path/Frameworks";
				PRODUCT_BUNDLE_IDENTIFIER = com.InstagramTests;
				PRODUCT_NAME = "$(TARGET_NAME)";
				SWIFT_VERSION = 4.0;
				TARGETED_DEVICE_FAMILY = "1,2";
				TEST_HOST = "$(BUILT_PRODUCTS_DIR)/Instagram.app/Instagram";
			};
			name = Release;
		};
		A1EE1656204D84D0006832FC /* Debug */ = {
			isa = XCBuildConfiguration;
			buildSettings = {
				ALWAYS_EMBED_SWIFT_STANDARD_LIBRARIES = YES;
				CODE_SIGN_STYLE = Automatic;
				INFOPLIST_FILE = InstagramUITests/Info.plist;
				LD_RUNPATH_SEARCH_PATHS = "$(inherited) @executable_path/Frameworks @loader_path/Frameworks";
				PRODUCT_BUNDLE_IDENTIFIER = com.InstagramUITests;
				PRODUCT_NAME = "$(TARGET_NAME)";
				SWIFT_VERSION = 4.0;
				TARGETED_DEVICE_FAMILY = "1,2";
				TEST_TARGET_NAME = Instagram;
			};
			name = Debug;
		};
		A1EE1657204D84D0006832FC /* Release */ = {
			isa = XCBuildConfiguration;
			buildSettings = {
				ALWAYS_EMBED_SWIFT_STANDARD_LIBRARIES = YES;
				CODE_SIGN_STYLE = Automatic;
				INFOPLIST_FILE = InstagramUITests/Info.plist;
				LD_RUNPATH_SEARCH_PATHS = "$(inherited) @executable_path/Frameworks @loader_path/Frameworks";
				PRODUCT_BUNDLE_IDENTIFIER = com.InstagramUITests;
				PRODUCT_NAME = "$(TARGET_NAME)";
				SWIFT_VERSION = 4.0;
				TARGETED_DEVICE_FAMILY = "1,2";
				TEST_TARGET_NAME = Instagram;
			};
			name = Release;
		};
/* End XCBuildConfiguration section */

/* Begin XCConfigurationList section */
		A1EE1622204D84D0006832FC /* Build configuration list for PBXProject "Instagram" */ = {
			isa = XCConfigurationList;
			buildConfigurations = (
				A1EE164D204D84D0006832FC /* Debug */,
				A1EE164E204D84D0006832FC /* Release */,
			);
			defaultConfigurationIsVisible = 0;
			defaultConfigurationName = Release;
		};
		A1EE164F204D84D0006832FC /* Build configuration list for PBXNativeTarget "Instagram" */ = {
			isa = XCConfigurationList;
			buildConfigurations = (
				A1EE1650204D84D0006832FC /* Debug */,
				A1EE1651204D84D0006832FC /* Release */,
			);
			defaultConfigurationIsVisible = 0;
			defaultConfigurationName = Release;
		};
		A1EE1652204D84D0006832FC /* Build configuration list for PBXNativeTarget "InstagramTests" */ = {
			isa = XCConfigurationList;
			buildConfigurations = (
				A1EE1653204D84D0006832FC /* Debug */,
				A1EE1654204D84D0006832FC /* Release */,
			);
			defaultConfigurationIsVisible = 0;
			defaultConfigurationName = Release;
		};
		A1EE1655204D84D0006832FC /* Build configuration list for PBXNativeTarget "InstagramUITests" */ = {
			isa = XCConfigurationList;
			buildConfigurations = (
				A1EE1656204D84D0006832FC /* Debug */,
				A1EE1657204D84D0006832FC /* Release */,
			);
			defaultConfigurationIsVisible = 0;
			defaultConfigurationName = Release;
		};
/* End XCConfigurationList section */
	};
	rootObject = A1EE161F204D84CF006832FC /* Project object */;
}
